
Microsoft Visual Studio Solution File, Format Version 12.00
# Visual Studio Version 16
VisualStudioVersion = 16.0.31729.503
MinimumVisualStudioVersion = 10.0.40219.1
Project("{FAE04EC0-301F-11D3-BF4B-00C04F79EFBC}") = "DemoAPI1", "DemoAPI1\DemoAPI1.csproj", "{ACE2FCA7-6D11-46E4-BECA-A4E651AD9615}"
EndProject
Global
	GlobalSection(SolutionConfigurationPlatforms) = preSolution
		Debug|Any CPU = Debug|Any CPU
		Release|Any CPU = Release|Any CPU
	EndGlobalSection
	GlobalSection(ProjectConfigurationPlatforms) = postSolution
		{ACE2FCA7-6D11-46E4-BECA-A4E651AD9615}.Debug|Any CPU.ActiveCfg = Debug|Any CPU
		{ACE2FCA7-6D11-46E4-BECA-A4E651AD9615}.Debug|Any CPU.Build.0 = Debug|Any CPU
		{ACE2FCA7-6D11-46E4-BECA-A4E651AD9615}.Release|Any CPU.ActiveCfg = Release|Any CPU
		{ACE2FCA7-6D11-46E4-BECA-A4E651AD9615}.Release|Any CPU.Build.0 = Release|Any CPU
	EndGlobalSection
	GlobalSection(SolutionProperties) = preSolution
		HideSolutionNode = FALSE
	EndGlobalSection
	GlobalSection(ExtensibilityGlobals) = postSolution
		SolutionGuid = {D43EF44E-D871-4CDC-9F21-2B579525BA98}
	EndGlobalSection
EndGlobal
